
Microsoft Visual Studio Solution File, Format Version 12.00
# Visual Studio Version 17
VisualStudioVersion = 17.5.33627.172
MinimumVisualStudioVersion = 10.0.40219.1
Project("{2150E333-8FDC-42A3-9474-1A3956D46DE8}") = "FrontEnd", "FrontEnd", "{31C0AD41-FAD5-4E45-9E69-A95F5E0094CA}"
EndProject
Project("{2150E333-8FDC-42A3-9474-1A3956D46DE8}") = "Services", "Services", "{5676F08E-265C-4F76-B175-90CAAB3F22F8}"
EndProject
Project("{FAE04EC0-301F-11D3-BF4B-00C04F79EFBC}") = "Usina.Web", "Usina.Web\Usina.Web.csproj", "{037872FB-613D-461F-BF33-89C4BE324285}"
EndProject
Project("{FAE04EC0-301F-11D3-BF4B-00C04F79EFBC}") = "Usina.ClientesApi", "Usina.ClientesApi\Usina.ClientesApi.csproj", "{5775D9AF-1DF3-4592-9BCF-8E75B196CCE1}"
EndProject
Global
	GlobalSection(SolutionConfigurationPlatforms) = preSolution
		Debug|Any CPU = Debug|Any CPU
		Release|Any CPU = Release|Any CPU
	EndGlobalSection
	GlobalSection(ProjectConfigurationPlatforms) = postSolution
		{037872FB-613D-461F-BF33-89C4BE324285}.Debug|Any CPU.ActiveCfg = Debug|Any CPU
		{037872FB-613D-461F-BF33-89C4BE324285}.Debug|Any CPU.Build.0 = Debug|Any CPU
		{037872FB-613D-461F-BF33-89C4BE324285}.Release|Any CPU.ActiveCfg = Release|Any CPU
		{037872FB-613D-461F-BF33-89C4BE324285}.Release|Any CPU.Build.0 = Release|Any CPU
		{5775D9AF-1DF3-4592-9BCF-8E75B196CCE1}.Debug|Any CPU.ActiveCfg = Debug|Any CPU
		{5775D9AF-1DF3-4592-9BCF-8E75B196CCE1}.Debug|Any CPU.Build.0 = Debug|Any CPU
		{5775D9AF-1DF3-4592-9BCF-8E75B196CCE1}.Release|Any CPU.ActiveCfg = Release|Any CPU
		{5775D9AF-1DF3-4592-9BCF-8E75B196CCE1}.Release|Any CPU.Build.0 = Release|Any CPU
	EndGlobalSection
	GlobalSection(SolutionProperties) = preSolution
		HideSolutionNode = FALSE
	EndGlobalSection
	GlobalSection(NestedProjects) = preSolution
		{037872FB-613D-461F-BF33-89C4BE324285} = {31C0AD41-FAD5-4E45-9E69-A95F5E0094CA}
		{5775D9AF-1DF3-4592-9BCF-8E75B196CCE1} = {5676F08E-265C-4F76-B175-90CAAB3F22F8}
	EndGlobalSection
	GlobalSection(ExtensibilityGlobals) = postSolution
		SolutionGuid = {9C381FB9-4062-4110-9A07-D8B20CFD4D3C}
	EndGlobalSection
EndGlobal
